
Microsoft Visual Studio Solution File, Format Version 12.00
# Visual Studio Version 16
VisualStudioVersion = 16.0.31402.337
MinimumVisualStudioVersion = 10.0.40219.1
Project("{FAE04EC0-301F-11D3-BF4B-00C04F79EFBC}") = "CPT230Assignment03Westbrook", "CPT230Assignment03Westbrook.csproj", "{349345F1-B207-4E45-AB3D-1FA9206F2740}"
EndProject
Global
	GlobalSection(SolutionConfigurationPlatforms) = preSolution
		Debug|Any CPU = Debug|Any CPU
		Release|Any CPU = Release|Any CPU
	EndGlobalSection
	GlobalSection(ProjectConfigurationPlatforms) = postSolution
		{349345F1-B207-4E45-AB3D-1FA9206F2740}.Debug|Any CPU.ActiveCfg = Debug|Any CPU
		{349345F1-B207-4E45-AB3D-1FA9206F2740}.Debug|Any CPU.Build.0 = Debug|Any CPU
		{349345F1-B207-4E45-AB3D-1FA9206F2740}.Release|Any CPU.ActiveCfg = Release|Any CPU
		{349345F1-B207-4E45-AB3D-1FA9206F2740}.Release|Any CPU.Build.0 = Release|Any CPU
	EndGlobalSection
	GlobalSection(SolutionProperties) = preSolution
		HideSolutionNode = FALSE
	EndGlobalSection
	GlobalSection(ExtensibilityGlobals) = postSolution
		SolutionGuid = {9BDCB21E-6489-4959-A75E-5435A3B04D15}
	EndGlobalSection
EndGlobal
