
Microsoft Visual Studio Solution File, Format Version 12.00
# Visual Studio Version 16
VisualStudioVersion = 16.0.30717.126
MinimumVisualStudioVersion = 10.0.40219.1
Project("{FAE04EC0-301F-11D3-BF4B-00C04F79EFBC}") = "FinalExam", "FinalExam\FinalExam.csproj", "{F52F198D-BB11-46F1-B608-616CC0D89D4C}"
EndProject
Global
	GlobalSection(SolutionConfigurationPlatforms) = preSolution
		Debug|Any CPU = Debug|Any CPU
		Release|Any CPU = Release|Any CPU
	EndGlobalSection
	GlobalSection(ProjectConfigurationPlatforms) = postSolution
		{F52F198D-BB11-46F1-B608-616CC0D89D4C}.Debug|Any CPU.ActiveCfg = Debug|Any CPU
		{F52F198D-BB11-46F1-B608-616CC0D89D4C}.Debug|Any CPU.Build.0 = Debug|Any CPU
		{F52F198D-BB11-46F1-B608-616CC0D89D4C}.Release|Any CPU.ActiveCfg = Release|Any CPU
		{F52F198D-BB11-46F1-B608-616CC0D89D4C}.Release|Any CPU.Build.0 = Release|Any CPU
	EndGlobalSection
	GlobalSection(SolutionProperties) = preSolution
		HideSolutionNode = FALSE
	EndGlobalSection
	GlobalSection(ExtensibilityGlobals) = postSolution
		SolutionGuid = {F248AC73-33AE-4835-93CC-58C465890876}
	EndGlobalSection
EndGlobal
